<?xml version="1.0" encoding="utf-8"?>
<Project ToolsVersion="4.0" xmlns="http://schemas.microsoft.com/developer/msbuild/2003">
  <ItemGroup>
    <Filter Include="Source Files">
      <UniqueIdentifier>{4FC737F1-C7A5-4376-A066-2A32D752A2FF}</UniqueIdentifier>
      <Extensions>cpp;c;cc;cxx;def;odl;idl;hpj;bat;asm;asmx</Extensions>
    </Filter>
    <Filter Include="Header Files">
      <UniqueIdentifier>{93995380-89BD-4b04-88EB-625FBE52EBFB}</UniqueIdentifier>
      <Extensions>h;hh;hpp;hxx;hm;inl;inc;ipp;xsd</Extensions>
    </Filter>
    <Filter Include="Resource Files">
      <UniqueIdentifier>{67DA6AB6-F800-4c08-8B7A-83BB121AAD01}</UniqueIdentifier>
      <Extensions>rc;ico;cur;bmp;dlg;rc2;rct;bin;rgs;gif;jpg;jpeg;jpe;resx;tiff;tif;png;wav;mfcribbon-ms</Extensions>
    </Filter>
    <Filter Include="Source Files\Components">
      <UniqueIdentifier>{a25c97ea-321a-48c7-aa52-1a24aff2a6c0}</UniqueIdentifier>
    </Filter>
  </ItemGroup>
  <ItemGroup>
    <ClInclude Include="stdafx.h">
      <Filter>Header Files</Filter>
    </ClInclude>
    <ClInclude Include="targetver.h">
      <Filter>Header Files</Filter>
    </ClInclude>
    <ClInclude Include="..\Lab09_Collision\Source\Animation.h">
      <Filter>Source Files</Filter>
    </ClInclude>
    <ClInclude Include="..\Lab09_Collision\Source\AnimationJob.h">
      <Filter>Source Files</Filter>
    </ClInclude>
    <ClInclude Include="..\Lab09_Collision\Source\assetCache.h">
      <Filter>Source Files</Filter>
    </ClInclude>
    <ClInclude Include="..\Lab09_Collision\Source\BoneTransform.h">
      <Filter>Source Files</Filter>
    </ClInclude>
    <ClInclude Include="..\Lab09_Collision\Source\BufferDataStructures.h">
      <Filter>Source Files</Filter>
    </ClInclude>
    <ClInclude Include="..\Lab09_Collision\Source\Camera.h">
      <Filter>Source Files</Filter>
    </ClInclude>
    <ClInclude Include="..\Lab09_Collision\Source\Component.h">
      <Filter>Source Files</Filter>
    </ClInclude>
    <ClInclude Include="..\Lab09_Collision\Source\DbgAssert.h">
      <Filter>Source Files</Filter>
    </ClInclude>
    <ClInclude Include="..\Lab09_Collision\Source\engineMath.h">
      <Filter>Source Files</Filter>
    </ClInclude>
    <ClInclude Include="..\Lab09_Collision\Source\engineMemory.h">
      <Filter>Source Files</Filter>
    </ClInclude>
    <ClInclude Include="..\Lab09_Collision\Source\game.h">
      <Filter>Source Files</Filter>
    </ClInclude>
    <ClInclude Include="..\Lab09_Collision\Source\Graphics.h">
      <Filter>Source Files</Filter>
    </ClInclude>
    <ClInclude Include="..\Lab09_Collision\Source\Job.h">
      <Filter>Source Files</Filter>
    </ClInclude>
    <ClInclude Include="..\Lab09_Collision\Source\JobManager.h">
      <Filter>Source Files</Filter>
    </ClInclude>
    <ClInclude Include="..\Lab09_Collision\Source\jsonUtil.h">
      <Filter>Source Files</Filter>
    </ClInclude>
    <ClInclude Include="..\Lab09_Collision\Source\mesh.h">
      <Filter>Source Files</Filter>
    </ClInclude>
    <ClInclude Include="..\Lab09_Collision\Source\Profiler.h">
      <Filter>Source Files</Filter>
    </ClInclude>
    <ClInclude Include="..\Lab09_Collision\Source\RenderCube.h">
      <Filter>Source Files</Filter>
    </ClInclude>
    <ClInclude Include="..\Lab09_Collision\Source\RenderObj.h">
      <Filter>Source Files</Filter>
    </ClInclude>
    <ClInclude Include="..\Lab09_Collision\Source\Resource.h">
      <Filter>Source Files</Filter>
    </ClInclude>
    <ClInclude Include="..\Lab09_Collision\Source\Shader.h">
      <Filter>Source Files</Filter>
    </ClInclude>
    <ClInclude Include="..\Lab09_Collision\Source\Skeleton.h">
      <Filter>Source Files</Filter>
    </ClInclude>
    <ClInclude Include="..\Lab09_Collision\Source\SkinnedObj.h">
      <Filter>Source Files</Filter>
    </ClInclude>
    <ClInclude Include="..\Lab09_Collision\Source\stringUtil.h">
      <Filter>Source Files</Filter>
    </ClInclude>
    <ClInclude Include="..\Lab09_Collision\Source\targetver.h">
      <Filter>Source Files</Filter>
    </ClInclude>
    <ClInclude Include="..\Lab09_Collision\Source\texture.h">
      <Filter>Source Files</Filter>
    </ClInclude>
    <ClInclude Include="..\Lab09_Collision\Source\VertexBuffer.h">
      <Filter>Source Files</Filter>
    </ClInclude>
    <ClInclude Include="..\Lab09_Collision\Source\Worker.h">
      <Filter>Source Files</Filter>
    </ClInclude>
    <ClInclude Include="..\Lab09_Collision\Source\Components\Character.h">
      <Filter>Source Files\Components</Filter>
    </ClInclude>
    <ClInclude Include="..\Lab09_Collision\Source\Components\followCam.h">
      <Filter>Source Files\Components</Filter>
    </ClInclude>
    <ClInclude Include="..\Lab09_Collision\Source\Components\player.h">
      <Filter>Source Files\Components</Filter>
    </ClInclude>
    <ClInclude Include="..\Lab09_Collision\Source\Components\PointLight.h">
      <Filter>Source Files\Components</Filter>
    </ClInclude>
  </ItemGroup>
  <ItemGroup>
    <ClCompile Include="stdafx.cpp">
      <Filter>Source Files</Filter>
    </ClCompile>
    <ClCompile Include="..\Lab09_Collision\Source\Animation.cpp">
      <Filter>Source Files</Filter>
    </ClCompile>
    <ClCompile Include="..\Lab09_Collision\Source\AnimationJob.cpp">
      <Filter>Source Files</Filter>
    </ClCompile>
    <ClCompile Include="..\Lab09_Collision\Source\BoneTransform.cpp">
      <Filter>Source Files</Filter>
    </ClCompile>
    <ClCompile Include="..\Lab09_Collision\Source\Camera.cpp">
      <Filter>Source Files</Filter>
    </ClCompile>
    <ClCompile Include="..\Lab09_Collision\Source\Component.cpp">
      <Filter>Source Files</Filter>
    </ClCompile>
    <ClCompile Include="..\Lab09_Collision\Source\DbgAssert.cpp">
      <Filter>Source Files</Filter>
    </ClCompile>
    <ClCompile Include="..\Lab09_Collision\Source\engineMath.cpp">
      <Filter>Source Files</Filter>
    </ClCompile>
    <ClCompile Include="..\Lab09_Collision\Source\engineMemory.cpp">
      <Filter>Source Files</Filter>
    </ClCompile>
    <ClCompile Include="..\Lab09_Collision\Source\game.cpp">
      <Filter>Source Files</Filter>
    </ClCompile>
    <ClCompile Include="..\Lab09_Collision\Source\Graphics.cpp">
      <Filter>Source Files</Filter>
    </ClCompile>
    <ClCompile Include="..\Lab09_Collision\Source\Job.cpp">
      <Filter>Source Files</Filter>
    </ClCompile>
    <ClCompile Include="..\Lab09_Collision\Source\JobManager.cpp">
      <Filter>Source Files</Filter>
    </ClCompile>
    <ClCompile Include="..\Lab09_Collision\Source\jsonUtil.cpp">
      <Filter>Source Files</Filter>
    </ClCompile>
    <ClCompile Include="..\Lab09_Collision\Source\mesh.cpp">
      <Filter>Source Files</Filter>
    </ClCompile>
    <ClCompile Include="..\Lab09_Collision\Source\Profiler.cpp">
      <Filter>Source Files</Filter>
    </ClCompile>
    <ClCompile Include="..\Lab09_Collision\Source\RenderCube.cpp">
      <Filter>Source Files</Filter>
    </ClCompile>
    <ClCompile Include="..\Lab09_Collision\Source\RenderObj.cpp">
      <Filter>Source Files</Filter>
    </ClCompile>
    <ClCompile Include="..\Lab09_Collision\Source\Shader.cpp">
      <Filter>Source Files</Filter>
    </ClCompile>
    <ClCompile Include="..\Lab09_Collision\Source\Skeleton.cpp">
      <Filter>Source Files</Filter>
    </ClCompile>
    <ClCompile Include="..\Lab09_Collision\Source\SkinnedObj.cpp">
      <Filter>Source Files</Filter>
    </ClCompile>
    <ClCompile Include="..\Lab09_Collision\Source\stringUtil.cpp">
      <Filter>Source Files</Filter>
    </ClCompile>
    <ClCompile Include="..\Lab09_Collision\Source\texture.cpp">
      <Filter>Source Files</Filter>
    </ClCompile>
    <ClCompile Include="..\Lab09_Collision\Source\VertexBuffer.cpp">
      <Filter>Source Files</Filter>
    </ClCompile>
    <ClCompile Include="..\Lab09_Collision\Source\Worker.cpp">
      <Filter>Source Files</Filter>
    </ClCompile>
    <ClCompile Include="..\Lab09_Collision\Source\Components\Character.cpp">
      <Filter>Source Files\Components</Filter>
    </ClCompile>
    <ClCompile Include="..\Lab09_Collision\Source\Components\followCam.cpp">
      <Filter>Source Files\Components</Filter>
    </ClCompile>
    <ClCompile Include="..\Lab09_Collision\Source\Components\player.cpp">
      <Filter>Source Files\Components</Filter>
    </ClCompile>
    <ClCompile Include="..\Lab09_Collision\Source\Components\PointLight.cpp">
      <Filter>Source Files\Components</Filter>
    </ClCompile>
  </ItemGroup>
</Project>